// !$*UTF8*$!
{
	archiveVersion = 1;
	classes = {
	};
	objectVersion = 56;
	objects = {

/* Begin PBXBuildFile section */
		0D81C14529ACC1310060F319 /* AppDelegate.swift in Sources */ = {isa = PBXBuildFile; fileRef = 0D81C14429ACC1310060F319 /* AppDelegate.swift */; };
		0D81C14729ACC1310060F319 /* SceneDelegate.swift in Sources */ = {isa = PBXBuildFile; fileRef = 0D81C14629ACC1310060F319 /* SceneDelegate.swift */; };
		0D81C14929ACC1310060F319 /* ViewController.swift in Sources */ = {isa = PBXBuildFile; fileRef = 0D81C14829ACC1310060F319 /* ViewController.swift */; };
		0D81C14C29ACC1310060F319 /* Main.storyboard in Resources */ = {isa = PBXBuildFile; fileRef = 0D81C14A29ACC1310060F319 /* Main.storyboard */; };
		0D81C14E29ACC1320060F319 /* Assets.xcassets in Resources */ = {isa = PBXBuildFile; fileRef = 0D81C14D29ACC1320060F319 /* Assets.xcassets */; };
		0D81C15129ACC1320060F319 /* LaunchScreen.storyboard in Resources */ = {isa = PBXBuildFile; fileRef = 0D81C14F29ACC1320060F319 /* LaunchScreen.storyboard */; };
		0D81C16629ACC1330060F319 /* EssentialFeedUITests.swift in Sources */ = {isa = PBXBuildFile; fileRef = 0D81C16529ACC1330060F319 /* EssentialFeedUITests.swift */; };
		0D81C16829ACC1330060F319 /* EssentialFeedUITestsLaunchTests.swift in Sources */ = {isa = PBXBuildFile; fileRef = 0D81C16729ACC1330060F319 /* EssentialFeedUITestsLaunchTests.swift */; };
		0D81C17729ADE0520060F319 /* FeedItem.swift in Sources */ = {isa = PBXBuildFile; fileRef = 0D81C17629ADE0520060F319 /* FeedItem.swift */; };
		0D81C17A29ADE0920060F319 /* FeedLoader.swift in Sources */ = {isa = PBXBuildFile; fileRef = 0D81C17929ADE0920060F319 /* FeedLoader.swift */; };
		0D81C17C29ADE1180060F319 /* RemoteFeedLoaderTests.swift in Sources */ = {isa = PBXBuildFile; fileRef = 0D81C17B29ADE1180060F319 /* RemoteFeedLoaderTests.swift */; };
/* End PBXBuildFile section */

/* Begin PBXContainerItemProxy section */
		0D81C15829ACC1330060F319 /* PBXContainerItemProxy */ = {
			isa = PBXContainerItemProxy;
			containerPortal = 0D81C13929ACC1310060F319 /* Project object */;
			proxyType = 1;
			remoteGlobalIDString = 0D81C14029ACC1310060F319;
			remoteInfo = EssentialFeed;
		};
		0D81C16229ACC1330060F319 /* PBXContainerItemProxy */ = {
			isa = PBXContainerItemProxy;
			containerPortal = 0D81C13929ACC1310060F319 /* Project object */;
			proxyType = 1;
			remoteGlobalIDString = 0D81C14029ACC1310060F319;
			remoteInfo = EssentialFeed;
		};
/* End PBXContainerItemProxy section */

/* Begin PBXFileReference section */
		0D81C14129ACC1310060F319 /* EssentialFeed.app */ = {isa = PBXFileReference; explicitFileType = wrapper.application; includeInIndex = 0; path = EssentialFeed.app; sourceTree = BUILT_PRODUCTS_DIR; };
		0D81C14429ACC1310060F319 /* AppDelegate.swift */ = {isa = PBXFileReference; lastKnownFileType = sourcecode.swift; path = AppDelegate.swift; sourceTree = "<group>"; };
		0D81C14629ACC1310060F319 /* SceneDelegate.swift */ = {isa = PBXFileReference; lastKnownFileType = sourcecode.swift; path = SceneDelegate.swift; sourceTree = "<group>"; };
		0D81C14829ACC1310060F319 /* ViewController.swift */ = {isa = PBXFileReference; lastKnownFileType = sourcecode.swift; path = ViewController.swift; sourceTree = "<group>"; };
		0D81C14B29ACC1310060F319 /* Base */ = {isa = PBXFileReference; lastKnownFileType = file.storyboard; name = Base; path = Base.lproj/Main.storyboard; sourceTree = "<group>"; };
		0D81C14D29ACC1320060F319 /* Assets.xcassets */ = {isa = PBXFileReference; lastKnownFileType = folder.assetcatalog; path = Assets.xcassets; sourceTree = "<group>"; };
		0D81C15029ACC1320060F319 /* Base */ = {isa = PBXFileReference; lastKnownFileType = file.storyboard; name = Base; path = Base.lproj/LaunchScreen.storyboard; sourceTree = "<group>"; };
		0D81C15229ACC1320060F319 /* Info.plist */ = {isa = PBXFileReference; lastKnownFileType = text.plist.xml; path = Info.plist; sourceTree = "<group>"; };
		0D81C15729ACC1330060F319 /* EssentialFeedTests.xctest */ = {isa = PBXFileReference; explicitFileType = wrapper.cfbundle; includeInIndex = 0; path = EssentialFeedTests.xctest; sourceTree = BUILT_PRODUCTS_DIR; };
		0D81C16129ACC1330060F319 /* EssentialFeedUITests.xctest */ = {isa = PBXFileReference; explicitFileType = wrapper.cfbundle; includeInIndex = 0; path = EssentialFeedUITests.xctest; sourceTree = BUILT_PRODUCTS_DIR; };
		0D81C16529ACC1330060F319 /* EssentialFeedUITests.swift */ = {isa = PBXFileReference; lastKnownFileType = sourcecode.swift; path = EssentialFeedUITests.swift; sourceTree = "<group>"; };
		0D81C16729ACC1330060F319 /* EssentialFeedUITestsLaunchTests.swift */ = {isa = PBXFileReference; lastKnownFileType = sourcecode.swift; path = EssentialFeedUITestsLaunchTests.swift; sourceTree = "<group>"; };
		0D81C17629ADE0520060F319 /* FeedItem.swift */ = {isa = PBXFileReference; lastKnownFileType = sourcecode.swift; path = FeedItem.swift; sourceTree = "<group>"; };
		0D81C17929ADE0920060F319 /* FeedLoader.swift */ = {isa = PBXFileReference; lastKnownFileType = sourcecode.swift; path = FeedLoader.swift; sourceTree = "<group>"; };
		0D81C17B29ADE1180060F319 /* RemoteFeedLoaderTests.swift */ = {isa = PBXFileReference; lastKnownFileType = sourcecode.swift; path = RemoteFeedLoaderTests.swift; sourceTree = "<group>"; };
/* End PBXFileReference section */

/* Begin PBXFrameworksBuildPhase section */
		0D81C13E29ACC1310060F319 /* Frameworks */ = {
			isa = PBXFrameworksBuildPhase;
			buildActionMask = 2147483647;
			files = (
			);
			runOnlyForDeploymentPostprocessing = 0;
		};
		0D81C15429ACC1330060F319 /* Frameworks */ = {
			isa = PBXFrameworksBuildPhase;
			buildActionMask = 2147483647;
			files = (
			);
			runOnlyForDeploymentPostprocessing = 0;
		};
		0D81C15E29ACC1330060F319 /* Frameworks */ = {
			isa = PBXFrameworksBuildPhase;
			buildActionMask = 2147483647;
			files = (
			);
			runOnlyForDeploymentPostprocessing = 0;
		};
/* End PBXFrameworksBuildPhase section */

/* Begin PBXGroup section */
		0D81C13829ACC1310060F319 = {
			isa = PBXGroup;
			children = (
				0D81C14329ACC1310060F319 /* EssentialFeed */,
				0D81C15A29ACC1330060F319 /* EssentialFeedTests */,
				0D81C16429ACC1330060F319 /* EssentialFeedUITests */,
				0D81C14229ACC1310060F319 /* Products */,
			);
			sourceTree = "<group>";
		};
		0D81C14229ACC1310060F319 /* Products */ = {
			isa = PBXGroup;
			children = (
				0D81C14129ACC1310060F319 /* EssentialFeed.app */,
				0D81C15729ACC1330060F319 /* EssentialFeedTests.xctest */,
				0D81C16129ACC1330060F319 /* EssentialFeedUITests.xctest */,
			);
			name = Products;
			sourceTree = "<group>";
		};
		0D81C14329ACC1310060F319 /* EssentialFeed */ = {
			isa = PBXGroup;
			children = (
				0D81C14429ACC1310060F319 /* AppDelegate.swift */,
				0D81C14629ACC1310060F319 /* SceneDelegate.swift */,
				0D81C14829ACC1310060F319 /* ViewController.swift */,
				0D81C14A29ACC1310060F319 /* Main.storyboard */,
				0D81C14D29ACC1320060F319 /* Assets.xcassets */,
				0D81C14F29ACC1320060F319 /* LaunchScreen.storyboard */,
				0D81C15229ACC1320060F319 /* Info.plist */,
				0D81C17829ADE0620060F319 /* FeedItemFeature */,
			);
			path = EssentialFeed;
			sourceTree = "<group>";
		};
		0D81C15A29ACC1330060F319 /* EssentialFeedTests */ = {
			isa = PBXGroup;
			children = (
				0D81C17B29ADE1180060F319 /* RemoteFeedLoaderTests.swift */,
			);
			path = EssentialFeedTests;
			sourceTree = "<group>";
		};
		0D81C16429ACC1330060F319 /* EssentialFeedUITests */ = {
			isa = PBXGroup;
			children = (
				0D81C16529ACC1330060F319 /* EssentialFeedUITests.swift */,
				0D81C16729ACC1330060F319 /* EssentialFeedUITestsLaunchTests.swift */,
			);
			path = EssentialFeedUITests;
			sourceTree = "<group>";
		};
		0D81C17829ADE0620060F319 /* FeedItemFeature */ = {
			isa = PBXGroup;
			children = (
				0D81C17629ADE0520060F319 /* FeedItem.swift */,
				0D81C17929ADE0920060F319 /* FeedLoader.swift */,
			);
			path = FeedItemFeature;
			sourceTree = "<group>";
		};
/* End PBXGroup section */

/* Begin PBXNativeTarget section */
		0D81C14029ACC1310060F319 /* EssentialFeed */ = {
			isa = PBXNativeTarget;
			buildConfigurationList = 0D81C16B29ACC1330060F319 /* Build configuration list for PBXNativeTarget "EssentialFeed" */;
			buildPhases = (
				0D81C13D29ACC1310060F319 /* Sources */,
				0D81C13E29ACC1310060F319 /* Frameworks */,
				0D81C13F29ACC1310060F319 /* Resources */,
			);
			buildRules = (
			);
			dependencies = (
			);
			name = EssentialFeed;
			productName = EssentialFeed;
			productReference = 0D81C14129ACC1310060F319 /* EssentialFeed.app */;
			productType = "com.apple.product-type.application";
		};
		0D81C15629ACC1330060F319 /* EssentialFeedTests */ = {
			isa = PBXNativeTarget;
			buildConfigurationList = 0D81C16E29ACC1330060F319 /* Build configuration list for PBXNativeTarget "EssentialFeedTests" */;
			buildPhases = (
				0D81C15329ACC1330060F319 /* Sources */,
				0D81C15429ACC1330060F319 /* Frameworks */,
				0D81C15529ACC1330060F319 /* Resources */,
			);
			buildRules = (
			);
			dependencies = (
				0D81C15929ACC1330060F319 /* PBXTargetDependency */,
			);
			name = EssentialFeedTests;
			productName = EssentialFeedTests;
			productReference = 0D81C15729ACC1330060F319 /* EssentialFeedTests.xctest */;
			productType = "com.apple.product-type.bundle.unit-test";
		};
		0D81C16029ACC1330060F319 /* EssentialFeedUITests */ = {
			isa = PBXNativeTarget;
			buildConfigurationList = 0D81C17129ACC1330060F319 /* Build configuration list for PBXNativeTarget "EssentialFeedUITests" */;
			buildPhases = (
				0D81C15D29ACC1330060F319 /* Sources */,
				0D81C15E29ACC1330060F319 /* Frameworks */,
				0D81C15F29ACC1330060F319 /* Resources */,
			);
			buildRules = (
			);
			dependencies = (
				0D81C16329ACC1330060F319 /* PBXTargetDependency */,
			);
			name = EssentialFeedUITests;
			productName = EssentialFeedUITests;
			productReference = 0D81C16129ACC1330060F319 /* EssentialFeedUITests.xctest */;
			productType = "com.apple.product-type.bundle.ui-testing";
		};
/* End PBXNativeTarget section */

/* Begin PBXProject section */
		0D81C13929ACC1310060F319 /* Project object */ = {
			isa = PBXProject;
			attributes = {
				BuildIndependentTargetsInParallel = 1;
				LastSwiftUpdateCheck = 1420;
				LastUpgradeCheck = 1420;
				TargetAttributes = {
					0D81C14029ACC1310060F319 = {
						CreatedOnToolsVersion = 14.2;
					};
					0D81C15629ACC1330060F319 = {
						CreatedOnToolsVersion = 14.2;
						TestTargetID = 0D81C14029ACC1310060F319;
					};
					0D81C16029ACC1330060F319 = {
						CreatedOnToolsVersion = 14.2;
						TestTargetID = 0D81C14029ACC1310060F319;
					};
				};
			};
			buildConfigurationList = 0D81C13C29ACC1310060F319 /* Build configuration list for PBXProject "EssentialFeed" */;
			compatibilityVersion = "Xcode 14.0";
			developmentRegion = en;
			hasScannedForEncodings = 0;
			knownRegions = (
				en,
				Base,
			);
			mainGroup = 0D81C13829ACC1310060F319;
			productRefGroup = 0D81C14229ACC1310060F319 /* Products */;
			projectDirPath = "";
			projectRoot = "";
			targets = (
				0D81C14029ACC1310060F319 /* EssentialFeed */,
				0D81C15629ACC1330060F319 /* EssentialFeedTests */,
				0D81C16029ACC1330060F319 /* EssentialFeedUITests */,
			);
		};
/* End PBXProject section */

/* Begin PBXResourcesBuildPhase section */
		0D81C13F29ACC1310060F319 /* Resources */ = {
			isa = PBXResourcesBuildPhase;
			buildActionMask = 2147483647;
			files = (
				0D81C15129ACC1320060F319 /* LaunchScreen.storyboard in Resources */,
				0D81C14E29ACC1320060F319 /* Assets.xcassets in Resources */,
				0D81C14C29ACC1310060F319 /* Main.storyboard in Resources */,
			);
			runOnlyForDeploymentPostprocessing = 0;
		};
		0D81C15529ACC1330060F319 /* Resources */ = {
			isa = PBXResourcesBuildPhase;
			buildActionMask = 2147483647;
			files = (
			);
			runOnlyForDeploymentPostprocessing = 0;
		};
		0D81C15F29ACC1330060F319 /* Resources */ = {
			isa = PBXResourcesBuildPhase;
			buildActionMask = 2147483647;
			files = (
			);
			runOnlyForDeploymentPostprocessing = 0;
		};
/* End PBXResourcesBuildPhase section */

/* Begin PBXSourcesBuildPhase section */
		0D81C13D29ACC1310060F319 /* Sources */ = {
			isa = PBXSourcesBuildPhase;
			buildActionMask = 2147483647;
			files = (
				0D81C17729ADE0520060F319 /* FeedItem.swift in Sources */,
				0D81C14929ACC1310060F319 /* ViewController.swift in Sources */,
				0D81C14529ACC1310060F319 /* AppDelegate.swift in Sources */,
				0D81C17A29ADE0920060F319 /* FeedLoader.swift in Sources */,
				0D81C14729ACC1310060F319 /* SceneDelegate.swift in Sources */,
			);
			runOnlyForDeploymentPostprocessing = 0;
		};
		0D81C15329ACC1330060F319 /* Sources */ = {
			isa = PBXSourcesBuildPhase;
			buildActionMask = 2147483647;
			files = (
				0D81C17C29ADE1180060F319 /* RemoteFeedLoaderTests.swift in Sources */,
			);
			runOnlyForDeploymentPostprocessing = 0;
		};
		0D81C15D29ACC1330060F319 /* Sources */ = {
			isa = PBXSourcesBuildPhase;
			buildActionMask = 2147483647;
			files = (
				0D81C16629ACC1330060F319 /* EssentialFeedUITests.swift in Sources */,
				0D81C16829ACC1330060F319 /* EssentialFeedUITestsLaunchTests.swift in Sources */,
			);
			runOnlyForDeploymentPostprocessing = 0;
		};
/* End PBXSourcesBuildPhase section */

/* Begin PBXTargetDependency section */
		0D81C15929ACC1330060F319 /* PBXTargetDependency */ = {
			isa = PBXTargetDependency;
			target = 0D81C14029ACC1310060F319 /* EssentialFeed */;
			targetProxy = 0D81C15829ACC1330060F319 /* PBXContainerItemProxy */;
		};
		0D81C16329ACC1330060F319 /* PBXTargetDependency */ = {
			isa = PBXTargetDependency;
			target = 0D81C14029ACC1310060F319 /* EssentialFeed */;
			targetProxy = 0D81C16229ACC1330060F319 /* PBXContainerItemProxy */;
		};
/* End PBXTargetDependency section */

/* Begin PBXVariantGroup section */
		0D81C14A29ACC1310060F319 /* Main.storyboard */ = {
			isa = PBXVariantGroup;
			children = (
				0D81C14B29ACC1310060F319 /* Base */,
			);
			name = Main.storyboard;
			sourceTree = "<group>";
		};
		0D81C14F29ACC1320060F319 /* LaunchScreen.storyboard */ = {
			isa = PBXVariantGroup;
			children = (
				0D81C15029ACC1320060F319 /* Base */,
			);
			name = LaunchScreen.storyboard;
			sourceTree = "<group>";
		};
/* End PBXVariantGroup section */

/* Begin XCBuildConfiguration section */
		0D81C16929ACC1330060F319 /* Debug */ = {
			isa = XCBuildConfiguration;
			buildSettings = {
				ALWAYS_SEARCH_USER_PATHS = NO;
				CLANG_ANALYZER_NONNULL = YES;
				CLANG_ANALYZER_NUMBER_OBJECT_CONVERSION = YES_AGGRESSIVE;
				CLANG_CXX_LANGUAGE_STANDARD = "gnu++20";
				CLANG_ENABLE_MODULES = YES;
				CLANG_ENABLE_OBJC_ARC = YES;
				CLANG_ENABLE_OBJC_WEAK = YES;
				CLANG_WARN_BLOCK_CAPTURE_AUTORELEASING = YES;
				CLANG_WARN_BOOL_CONVERSION = YES;
				CLANG_WARN_COMMA = YES;
				CLANG_WARN_CONSTANT_CONVERSION = YES;
				CLANG_WARN_DEPRECATED_OBJC_IMPLEMENTATIONS = YES;
				CLANG_WARN_DIRECT_OBJC_ISA_USAGE = YES_ERROR;
				CLANG_WARN_DOCUMENTATION_COMMENTS = YES;
				CLANG_WARN_EMPTY_BODY = YES;
				CLANG_WARN_ENUM_CONVERSION = YES;
				CLANG_WARN_INFINITE_RECURSION = YES;
				CLANG_WARN_INT_CONVERSION = YES;
				CLANG_WARN_NON_LITERAL_NULL_CONVERSION = YES;
				CLANG_WARN_OBJC_IMPLICIT_RETAIN_SELF = YES;
				CLANG_WARN_OBJC_LITERAL_CONVERSION = YES;
				CLANG_WARN_OBJC_ROOT_CLASS = YES_ERROR;
				CLANG_WARN_QUOTED_INCLUDE_IN_FRAMEWORK_HEADER = YES;
				CLANG_WARN_RANGE_LOOP_ANALYSIS = YES;
				CLANG_WARN_STRICT_PROTOTYPES = YES;
				CLANG_WARN_SUSPICIOUS_MOVE = YES;
				CLANG_WARN_UNGUARDED_AVAILABILITY = YES_AGGRESSIVE;
				CLANG_WARN_UNREACHABLE_CODE = YES;
				CLANG_WARN__DUPLICATE_METHOD_MATCH = YES;
				COPY_PHASE_STRIP = NO;
				DEBUG_INFORMATION_FORMAT = dwarf;
				ENABLE_STRICT_OBJC_MSGSEND = YES;
				ENABLE_TESTABILITY = YES;
				GCC_C_LANGUAGE_STANDARD = gnu11;
				GCC_DYNAMIC_NO_PIC = NO;
				GCC_NO_COMMON_BLOCKS = YES;
				GCC_OPTIMIZATION_LEVEL = 0;
				GCC_PREPROCESSOR_DEFINITIONS = (
					"DEBUG=1",
					"$(inherited)",
				);
				GCC_WARN_64_TO_32_BIT_CONVERSION = YES;
				GCC_WARN_ABOUT_RETURN_TYPE = YES_ERROR;
				GCC_WARN_UNDECLARED_SELECTOR = YES;
				GCC_WARN_UNINITIALIZED_AUTOS = YES_AGGRESSIVE;
				GCC_WARN_UNUSED_FUNCTION = YES;
				GCC_WARN_UNUSED_VARIABLE = YES;
				IPHONEOS_DEPLOYMENT_TARGET = 16.2;
				MTL_ENABLE_DEBUG_INFO = INCLUDE_SOURCE;
				MTL_FAST_MATH = YES;
				ONLY_ACTIVE_ARCH = YES;
				SDKROOT = iphoneos;
				SWIFT_ACTIVE_COMPILATION_CONDITIONS = DEBUG;
				SWIFT_OPTIMIZATION_LEVEL = "-Onone";
			};
			name = Debug;
		};
		0D81C16A29ACC1330060F319 /* Release */ = {
			isa = XCBuildConfiguration;
			buildSettings = {
				ALWAYS_SEARCH_USER_PATHS = NO;
				CLANG_ANALYZER_NONNULL = YES;
				CLANG_ANALYZER_NUMBER_OBJECT_CONVERSION = YES_AGGRESSIVE;
				CLANG_CXX_LANGUAGE_STANDARD = "gnu++20";
				CLANG_ENABLE_MODULES = YES;
				CLANG_ENABLE_OBJC_ARC = YES;
				CLANG_ENABLE_OBJC_WEAK = YES;
				CLANG_WARN_BLOCK_CAPTURE_AUTORELEASING = YES;
				CLANG_WARN_BOOL_CONVERSION = YES;
				CLANG_WARN_COMMA = YES;
				CLANG_WARN_CONSTANT_CONVERSION = YES;
				CLANG_WARN_DEPRECATED_OBJC_IMPLEMENTATIONS = YES;
				CLANG_WARN_DIRECT_OBJC_ISA_USAGE = YES_ERROR;
				CLANG_WARN_DOCUMENTATION_COMMENTS = YES;
				CLANG_WARN_EMPTY_BODY = YES;
				CLANG_WARN_ENUM_CONVERSION = YES;
				CLANG_WARN_INFINITE_RECURSION = YES;
				CLANG_WARN_INT_CONVERSION = YES;
				CLANG_WARN_NON_LITERAL_NULL_CONVERSION = YES;
				CLANG_WARN_OBJC_IMPLICIT_RETAIN_SELF = YES;
				CLANG_WARN_OBJC_LITERAL_CONVERSION = YES;
				CLANG_WARN_OBJC_ROOT_CLASS = YES_ERROR;
				CLANG_WARN_QUOTED_INCLUDE_IN_FRAMEWORK_HEADER = YES;
				CLANG_WARN_RANGE_LOOP_ANALYSIS = YES;
				CLANG_WARN_STRICT_PROTOTYPES = YES;
				CLANG_WARN_SUSPICIOUS_MOVE = YES;
				CLANG_WARN_UNGUARDED_AVAILABILITY = YES_AGGRESSIVE;
				CLANG_WARN_UNREACHABLE_CODE = YES;
				CLANG_WARN__DUPLICATE_METHOD_MATCH = YES;
				COPY_PHASE_STRIP = NO;
				DEBUG_INFORMATION_FORMAT = "dwarf-with-dsym";
				ENABLE_NS_ASSERTIONS = NO;
				ENABLE_STRICT_OBJC_MSGSEND = YES;
				GCC_C_LANGUAGE_STANDARD = gnu11;
				GCC_NO_COMMON_BLOCKS = YES;
				GCC_WARN_64_TO_32_BIT_CONVERSION = YES;
				GCC_WARN_ABOUT_RETURN_TYPE = YES_ERROR;
				GCC_WARN_UNDECLARED_SELECTOR = YES;
				GCC_WARN_UNINITIALIZED_AUTOS = YES_AGGRESSIVE;
				GCC_WARN_UNUSED_FUNCTION = YES;
				GCC_WARN_UNUSED_VARIABLE = YES;
				IPHONEOS_DEPLOYMENT_TARGET = 16.2;
				MTL_ENABLE_DEBUG_INFO = NO;
				MTL_FAST_MATH = YES;
				SDKROOT = iphoneos;
				SWIFT_COMPILATION_MODE = wholemodule;
				SWIFT_OPTIMIZATION_LEVEL = "-O";
				VALIDATE_PRODUCT = YES;
			};
			name = Release;
		};
		0D81C16C29ACC1330060F319 /* Debug */ = {
			isa = XCBuildConfiguration;
			buildSettings = {
				ASSETCATALOG_COMPILER_APPICON_NAME = AppIcon;
				ASSETCATALOG_COMPILER_GLOBAL_ACCENT_COLOR_NAME = AccentColor;
				CODE_SIGN_STYLE = Automatic;
				CURRENT_PROJECT_VERSION = 1;
				DEVELOPMENT_TEAM = XTR83A4K57;
				GENERATE_INFOPLIST_FILE = YES;
				INFOPLIST_FILE = EssentialFeed/Info.plist;
				INFOPLIST_KEY_UIApplicationSupportsIndirectInputEvents = YES;
				INFOPLIST_KEY_UILaunchStoryboardName = LaunchScreen;
				INFOPLIST_KEY_UIMainStoryboardFile = Main;
				INFOPLIST_KEY_UISupportedInterfaceOrientations_iPad = "UIInterfaceOrientationPortrait UIInterfaceOrientationPortraitUpsideDown UIInterfaceOrientationLandscapeLeft UIInterfaceOrientationLandscapeRight";
				INFOPLIST_KEY_UISupportedInterfaceOrientations_iPhone = "UIInterfaceOrientationPortrait UIInterfaceOrientationLandscapeLeft UIInterfaceOrientationLandscapeRight";
				LD_RUNPATH_SEARCH_PATHS = (
					"$(inherited)",
					"@executable_path/Frameworks",
				);
				MARKETING_VERSION = 1.0;
				PRODUCT_BUNDLE_IDENTIFIER = joeyliu.EssentialFeed;
				PRODUCT_NAME = "$(TARGET_NAME)";
				SWIFT_EMIT_LOC_STRINGS = YES;
				SWIFT_VERSION = 5.0;
				TARGETED_DEVICE_FAMILY = "1,2";
			};
			name = Debug;
		};
		0D81C16D29ACC1330060F319 /* Release */ = {
			isa = XCBuildConfiguration;
			buildSettings = {
				ASSETCATALOG_COMPILER_APPICON_NAME = AppIcon;
				ASSETCATALOG_COMPILER_GLOBAL_ACCENT_COLOR_NAME = AccentColor;
				CODE_SIGN_STYLE = Automatic;
				CURRENT_PROJECT_VERSION = 1;
				DEVELOPMENT_TEAM = XTR83A4K57;
				GENERATE_INFOPLIST_FILE = YES;
				INFOPLIST_FILE = EssentialFeed/Info.plist;
				INFOPLIST_KEY_UIApplicationSupportsIndirectInputEvents = YES;
				INFOPLIST_KEY_UILaunchStoryboardName = LaunchScreen;
				INFOPLIST_KEY_UIMainStoryboardFile = Main;
				INFOPLIST_KEY_UISupportedInterfaceOrientations_iPad = "UIInterfaceOrientationPortrait UIInterfaceOrientationPortraitUpsideDown UIInterfaceOrientationLandscapeLeft UIInterfaceOrientationLandscapeRight";
				INFOPLIST_KEY_UISupportedInterfaceOrientations_iPhone = "UIInterfaceOrientationPortrait UIInterfaceOrientationLandscapeLeft UIInterfaceOrientationLandscapeRight";
				LD_RUNPATH_SEARCH_PATHS = (
					"$(inherited)",
					"@executable_path/Frameworks",
				);
				MARKETING_VERSION = 1.0;
				PRODUCT_BUNDLE_IDENTIFIER = joeyliu.EssentialFeed;
				PRODUCT_NAME = "$(TARGET_NAME)";
				SWIFT_EMIT_LOC_STRINGS = YES;
				SWIFT_VERSION = 5.0;
				TARGETED_DEVICE_FAMILY = "1,2";
			};
			name = Release;
		};
		0D81C16F29ACC1330060F319 /* Debug */ = {
			isa = XCBuildConfiguration;
			buildSettings = {
				ALWAYS_EMBED_SWIFT_STANDARD_LIBRARIES = YES;
				BUNDLE_LOADER = "$(TEST_HOST)";
				CODE_SIGN_STYLE = Automatic;
				CURRENT_PROJECT_VERSION = 1;
				DEVELOPMENT_TEAM = XTR83A4K57;
				GENERATE_INFOPLIST_FILE = YES;
				IPHONEOS_DEPLOYMENT_TARGET = 16.2;
				MARKETING_VERSION = 1.0;
				PRODUCT_BUNDLE_IDENTIFIER = joeyliu.EssentialFeedTests;
				PRODUCT_NAME = "$(TARGET_NAME)";
				SWIFT_EMIT_LOC_STRINGS = NO;
				SWIFT_VERSION = 5.0;
				TARGETED_DEVICE_FAMILY = "1,2";
				TEST_HOST = "$(BUILT_PRODUCTS_DIR)/EssentialFeed.app/$(BUNDLE_EXECUTABLE_FOLDER_PATH)/EssentialFeed";
			};
			name = Debug;
		};
		0D81C17029ACC1330060F319 /* Release */ = {
			isa = XCBuildConfiguration;
			buildSettings = {
				ALWAYS_EMBED_SWIFT_STANDARD_LIBRARIES = YES;
				BUNDLE_LOADER = "$(TEST_HOST)";
				CODE_SIGN_STYLE = Automatic;
				CURRENT_PROJECT_VERSION = 1;
				DEVELOPMENT_TEAM = XTR83A4K57;
				GENERATE_INFOPLIST_FILE = YES;
				IPHONEOS_DEPLOYMENT_TARGET = 16.2;
				MARKETING_VERSION = 1.0;
				PRODUCT_BUNDLE_IDENTIFIER = joeyliu.EssentialFeedTests;
				PRODUCT_NAME = "$(TARGET_NAME)";
				SWIFT_EMIT_LOC_STRINGS = NO;
				SWIFT_VERSION = 5.0;
				TARGETED_DEVICE_FAMILY = "1,2";
				TEST_HOST = "$(BUILT_PRODUCTS_DIR)/EssentialFeed.app/$(BUNDLE_EXECUTABLE_FOLDER_PATH)/EssentialFeed";
			};
			name = Release;
		};
		0D81C17229ACC1330060F319 /* Debug */ = {
			isa = XCBuildConfiguration;
			buildSettings = {
				ALWAYS_EMBED_SWIFT_STANDARD_LIBRARIES = YES;
				CODE_SIGN_STYLE = Automatic;
				CURRENT_PROJECT_VERSION = 1;
				DEVELOPMENT_TEAM = XTR83A4K57;
				GENERATE_INFOPLIST_FILE = YES;
				MARKETING_VERSION = 1.0;
				PRODUCT_BUNDLE_IDENTIFIER = joeyliu.EssentialFeedUITests;
				PRODUCT_NAME = "$(TARGET_NAME)";
				SWIFT_EMIT_LOC_STRINGS = NO;
				SWIFT_VERSION = 5.0;
				TARGETED_DEVICE_FAMILY = "1,2";
				TEST_TARGET_NAME = EssentialFeed;
			};
			name = Debug;
		};
		0D81C17329ACC1330060F319 /* Release */ = {
			isa = XCBuildConfiguration;
			buildSettings = {
				ALWAYS_EMBED_SWIFT_STANDARD_LIBRARIES = YES;
				CODE_SIGN_STYLE = Automatic;
				CURRENT_PROJECT_VERSION = 1;
				DEVELOPMENT_TEAM = XTR83A4K57;
				GENERATE_INFOPLIST_FILE = YES;
				MARKETING_VERSION = 1.0;
				PRODUCT_BUNDLE_IDENTIFIER = joeyliu.EssentialFeedUITests;
				PRODUCT_NAME = "$(TARGET_NAME)";
				SWIFT_EMIT_LOC_STRINGS = NO;
				SWIFT_VERSION = 5.0;
				TARGETED_DEVICE_FAMILY = "1,2";
				TEST_TARGET_NAME = EssentialFeed;
			};
			name = Release;
		};
/* End XCBuildConfiguration section */

/* Begin XCConfigurationList section */
		0D81C13C29ACC1310060F319 /* Build configuration list for PBXProject "EssentialFeed" */ = {
			isa = XCConfigurationList;
			buildConfigurations = (
				0D81C16929ACC1330060F319 /* Debug */,
				0D81C16A29ACC1330060F319 /* Release */,
			);
			defaultConfigurationIsVisible = 0;
			defaultConfigurationName = Release;
		};
		0D81C16B29ACC1330060F319 /* Build configuration list for PBXNativeTarget "EssentialFeed" */ = {
			isa = XCConfigurationList;
			buildConfigurations = (
				0D81C16C29ACC1330060F319 /* Debug */,
				0D81C16D29ACC1330060F319 /* Release */,
			);
			defaultConfigurationIsVisible = 0;
			defaultConfigurationName = Release;
		};
		0D81C16E29ACC1330060F319 /* Build configuration list for PBXNativeTarget "EssentialFeedTests" */ = {
			isa = XCConfigurationList;
			buildConfigurations = (
				0D81C16F29ACC1330060F319 /* Debug */,
				0D81C17029ACC1330060F319 /* Release */,
			);
			defaultConfigurationIsVisible = 0;
			defaultConfigurationName = Release;
		};
		0D81C17129ACC1330060F319 /* Build configuration list for PBXNativeTarget "EssentialFeedUITests" */ = {
			isa = XCConfigurationList;
			buildConfigurations = (
				0D81C17229ACC1330060F319 /* Debug */,
				0D81C17329ACC1330060F319 /* Release */,
			);
			defaultConfigurationIsVisible = 0;
			defaultConfigurationName = Release;
		};
/* End XCConfigurationList section */
	};
	rootObject = 0D81C13929ACC1310060F319 /* Project object */;
}
